
Microsoft Visual Studio Solution File, Format Version 12.00
# Visual Studio 2015
Project("{FAE04EC0-301F-11D3-BF4B-00C04F79EFBC}") = "Lift_V2", "Lift_V2.csproj", "{D896393E-6DDB-5ED7-B82A-A744811637CC}"
EndProject
Project("{FAE04EC0-301F-11D3-BF4B-00C04F79EFBC}") = "Lift_V2.Editor", "Lift_V2.Editor.csproj", "{6773FAC4-54B6-7059-47C0-7696E3731B70}"
EndProject
Global
	GlobalSection(SolutionConfigurationPlatforms) = preSolution
		Debug|Any CPU = Debug|Any CPU
		Release|Any CPU = Release|Any CPU
	EndGlobalSection
	GlobalSection(ProjectConfigurationPlatforms) = postSolution
		{D896393E-6DDB-5ED7-B82A-A744811637CC}.Debug|Any CPU.ActiveCfg = Debug|Any CPU
		{D896393E-6DDB-5ED7-B82A-A744811637CC}.Debug|Any CPU.Build.0 = Debug|Any CPU
		{D896393E-6DDB-5ED7-B82A-A744811637CC}.Release|Any CPU.ActiveCfg = Release|Any CPU
		{D896393E-6DDB-5ED7-B82A-A744811637CC}.Release|Any CPU.Build.0 = Release|Any CPU
		{6773FAC4-54B6-7059-47C0-7696E3731B70}.Debug|Any CPU.ActiveCfg = Debug|Any CPU
		{6773FAC4-54B6-7059-47C0-7696E3731B70}.Debug|Any CPU.Build.0 = Debug|Any CPU
		{6773FAC4-54B6-7059-47C0-7696E3731B70}.Release|Any CPU.ActiveCfg = Release|Any CPU
		{6773FAC4-54B6-7059-47C0-7696E3731B70}.Release|Any CPU.Build.0 = Release|Any CPU
	EndGlobalSection
	GlobalSection(SolutionProperties) = preSolution
		HideSolutionNode = FALSE
	EndGlobalSection
EndGlobal
